
Microsoft Visual Studio Solution File, Format Version 12.00
# Visual Studio Version 17
VisualStudioVersion = 17.7.34031.279
MinimumVisualStudioVersion = 10.0.40219.1
Project("{9A19103F-16F7-4668-BE54-9A1E7A4F7556}") = "DeliveryAppMaui", "DeliveryAppMaui\DeliveryAppMaui.csproj", "{233C43FC-FDE9-43EB-AFDD-A55454C0B7B6}"
EndProject
Project("{9A19103F-16F7-4668-BE54-9A1E7A4F7556}") = "MailService", "MailService\MailService.csproj", "{04FAB28D-25A5-4B44-BFF0-105A19562C37}"
EndProject
Project("{9A19103F-16F7-4668-BE54-9A1E7A4F7556}") = "PdfGenerator", "PdfGenerator\PdfGenerator.csproj", "{9CD6C9E3-F3A3-4319-83AE-F941F22968A0}"
EndProject
Project("{9A19103F-16F7-4668-BE54-9A1E7A4F7556}") = "Printer_Service", "Printer_Service\Printer_Service.csproj", "{0422EBEA-7BA7-45F8-8E78-896348277394}"
EndProject
Project("{FAE04EC0-301F-11D3-BF4B-00C04F79EFBC}") = "DeliveryAppAPI", "DeliveryAppAPI\DeliveryAppAPI.csproj", "{9FC11B79-574B-47AF-8CE5-BD9A172304EB}"
EndProject
Global
	GlobalSection(SolutionConfigurationPlatforms) = preSolution
		Debug|Any CPU = Debug|Any CPU
		Release|Any CPU = Release|Any CPU
	EndGlobalSection
	GlobalSection(ProjectConfigurationPlatforms) = postSolution
		{233C43FC-FDE9-43EB-AFDD-A55454C0B7B6}.Debug|Any CPU.ActiveCfg = Debug|Any CPU
		{233C43FC-FDE9-43EB-AFDD-A55454C0B7B6}.Debug|Any CPU.Build.0 = Debug|Any CPU
		{233C43FC-FDE9-43EB-AFDD-A55454C0B7B6}.Debug|Any CPU.Deploy.0 = Debug|Any CPU
		{233C43FC-FDE9-43EB-AFDD-A55454C0B7B6}.Release|Any CPU.ActiveCfg = Release|Any CPU
		{233C43FC-FDE9-43EB-AFDD-A55454C0B7B6}.Release|Any CPU.Build.0 = Release|Any CPU
		{233C43FC-FDE9-43EB-AFDD-A55454C0B7B6}.Release|Any CPU.Deploy.0 = Release|Any CPU
		{04FAB28D-25A5-4B44-BFF0-105A19562C37}.Debug|Any CPU.ActiveCfg = Debug|Any CPU
		{04FAB28D-25A5-4B44-BFF0-105A19562C37}.Debug|Any CPU.Build.0 = Debug|Any CPU
		{04FAB28D-25A5-4B44-BFF0-105A19562C37}.Release|Any CPU.ActiveCfg = Release|Any CPU
		{04FAB28D-25A5-4B44-BFF0-105A19562C37}.Release|Any CPU.Build.0 = Release|Any CPU
		{9CD6C9E3-F3A3-4319-83AE-F941F22968A0}.Debug|Any CPU.ActiveCfg = Debug|Any CPU
		{9CD6C9E3-F3A3-4319-83AE-F941F22968A0}.Debug|Any CPU.Build.0 = Debug|Any CPU
		{9CD6C9E3-F3A3-4319-83AE-F941F22968A0}.Release|Any CPU.ActiveCfg = Release|Any CPU
		{9CD6C9E3-F3A3-4319-83AE-F941F22968A0}.Release|Any CPU.Build.0 = Release|Any CPU
		{0422EBEA-7BA7-45F8-8E78-896348277394}.Debug|Any CPU.ActiveCfg = Debug|Any CPU
		{0422EBEA-7BA7-45F8-8E78-896348277394}.Debug|Any CPU.Build.0 = Debug|Any CPU
		{0422EBEA-7BA7-45F8-8E78-896348277394}.Release|Any CPU.ActiveCfg = Release|Any CPU
		{0422EBEA-7BA7-45F8-8E78-896348277394}.Release|Any CPU.Build.0 = Release|Any CPU
		{9FC11B79-574B-47AF-8CE5-BD9A172304EB}.Debug|Any CPU.ActiveCfg = Debug|Any CPU
		{9FC11B79-574B-47AF-8CE5-BD9A172304EB}.Debug|Any CPU.Build.0 = Debug|Any CPU
		{9FC11B79-574B-47AF-8CE5-BD9A172304EB}.Release|Any CPU.ActiveCfg = Release|Any CPU
		{9FC11B79-574B-47AF-8CE5-BD9A172304EB}.Release|Any CPU.Build.0 = Release|Any CPU
	EndGlobalSection
	GlobalSection(SolutionProperties) = preSolution
		HideSolutionNode = FALSE
	EndGlobalSection
	GlobalSection(ExtensibilityGlobals) = postSolution
		SolutionGuid = {E4FF4911-C7A6-4350-9C0C-B94B7E4C263F}
	EndGlobalSection
EndGlobal
